// !$*UTF8*$!
{
	archiveVersion = 1;
	classes = {
	};
	objectVersion = 46;
	objects = {

/* Begin PBXBuildFile section */
		F78F2A421C6D0C4A0084DA0B /* AppDelegate.swift in Sources */ = {isa = PBXBuildFile; fileRef = F78F2A411C6D0C4A0084DA0B /* AppDelegate.swift */; };
		F78F2A441C6D0C4A0084DA0B /* ViewController.swift in Sources */ = {isa = PBXBuildFile; fileRef = F78F2A431C6D0C4A0084DA0B /* ViewController.swift */; };
		F78F2A471C6D0C4A0084DA0B /* Main.storyboard in Resources */ = {isa = PBXBuildFile; fileRef = F78F2A451C6D0C4A0084DA0B /* Main.storyboard */; };
		F78F2A491C6D0C4A0084DA0B /* Assets.xcassets in Resources */ = {isa = PBXBuildFile; fileRef = F78F2A481C6D0C4A0084DA0B /* Assets.xcassets */; };
		F78F2A4C1C6D0C4A0084DA0B /* LaunchScreen.storyboard in Resources */ = {isa = PBXBuildFile; fileRef = F78F2A4A1C6D0C4A0084DA0B /* LaunchScreen.storyboard */; };
/* End PBXBuildFile section */

/* Begin PBXFileReference section */
		F78F2A3E1C6D0C4A0084DA0B /* LaunchAppFromURL-iOS.app */ = {isa = PBXFileReference; explicitFileType = wrapper.application; includeInIndex = 0; path = "LaunchAppFromURL-iOS.app"; sourceTree = BUILT_PRODUCTS_DIR; };
		F78F2A411C6D0C4A0084DA0B /* AppDelegate.swift */ = {isa = PBXFileReference; lastKnownFileType = sourcecode.swift; path = AppDelegate.swift; sourceTree = "<group>"; };
		F78F2A431C6D0C4A0084DA0B /* ViewController.swift */ = {isa = PBXFileReference; lastKnownFileType = sourcecode.swift; path = ViewController.swift; sourceTree = "<group>"; };
		F78F2A461C6D0C4A0084DA0B /* Base */ = {isa = PBXFileReference; lastKnownFileType = file.storyboard; name = Base; path = Base.lproj/Main.storyboard; sourceTree = "<group>"; };
		F78F2A481C6D0C4A0084DA0B /* Assets.xcassets */ = {isa = PBXFileReference; lastKnownFileType = folder.assetcatalog; path = Assets.xcassets; sourceTree = "<group>"; };
		F78F2A4B1C6D0C4A0084DA0B /* Base */ = {isa = PBXFileReference; lastKnownFileType = file.storyboard; name = Base; path = Base.lproj/LaunchScreen.storyboard; sourceTree = "<group>"; };
		F78F2A4D1C6D0C4A0084DA0B /* Info.plist */ = {isa = PBXFileReference; lastKnownFileType = text.plist.xml; path = Info.plist; sourceTree = "<group>"; };
/* End PBXFileReference section */

/* Begin PBXFrameworksBuildPhase section */
		F78F2A3B1C6D0C490084DA0B /* Frameworks */ = {
			isa = PBXFrameworksBuildPhase;
			buildActionMask = 2147483647;
			files = (
			);
			runOnlyForDeploymentPostprocessing = 0;
		};
/* End PBXFrameworksBuildPhase section */

/* Begin PBXGroup section */
		F78F2A351C6D0C490084DA0B = {
			isa = PBXGroup;
			children = (
				F78F2A401C6D0C4A0084DA0B /* LaunchAppFromURL-iOS */,
				F78F2A3F1C6D0C4A0084DA0B /* Products */,
			);
			sourceTree = "<group>";
		};
		F78F2A3F1C6D0C4A0084DA0B /* Products */ = {
			isa = PBXGroup;
			children = (
				F78F2A3E1C6D0C4A0084DA0B /* LaunchAppFromURL-iOS.app */,
			);
			name = Products;
			sourceTree = "<group>";
		};
		F78F2A401C6D0C4A0084DA0B /* LaunchAppFromURL-iOS */ = {
			isa = PBXGroup;
			children = (
				F78F2A411C6D0C4A0084DA0B /* AppDelegate.swift */,
				F78F2A431C6D0C4A0084DA0B /* ViewController.swift */,
				F78F2A451C6D0C4A0084DA0B /* Main.storyboard */,
				F78F2A481C6D0C4A0084DA0B /* Assets.xcassets */,
				F78F2A4A1C6D0C4A0084DA0B /* LaunchScreen.storyboard */,
				F78F2A4D1C6D0C4A0084DA0B /* Info.plist */,
			);
			path = "LaunchAppFromURL-iOS";
			sourceTree = "<group>";
		};
/* End PBXGroup section */

/* Begin PBXNativeTarget section */
		F78F2A3D1C6D0C490084DA0B /* LaunchAppFromURL-iOS */ = {
			isa = PBXNativeTarget;
			buildConfigurationList = F78F2A501C6D0C4A0084DA0B /* Build configuration list for PBXNativeTarget "LaunchAppFromURL-iOS" */;
			buildPhases = (
				F78F2A3A1C6D0C490084DA0B /* Sources */,
				F78F2A3B1C6D0C490084DA0B /* Frameworks */,
				F78F2A3C1C6D0C490084DA0B /* Resources */,
			);
			buildRules = (
			);
			dependencies = (
			);
			name = "LaunchAppFromURL-iOS";
			productName = "LaunchAppFromURL-iOS";
			productReference = F78F2A3E1C6D0C4A0084DA0B /* LaunchAppFromURL-iOS.app */;
			productType = "com.apple.product-type.application";
		};
/* End PBXNativeTarget section */

/* Begin PBXProject section */
		F78F2A361C6D0C490084DA0B /* Project object */ = {
			isa = PBXProject;
			attributes = {
				LastSwiftUpdateCheck = 0720;
				LastUpgradeCheck = 0720;
				ORGANIZATIONNAME = "Curiosity IO";
				TargetAttributes = {
					F78F2A3D1C6D0C490084DA0B = {
						CreatedOnToolsVersion = 7.2.1;
						DevelopmentTeam = 552H65R858;
					};
				};
			};
			buildConfigurationList = F78F2A391C6D0C490084DA0B /* Build configuration list for PBXProject "LaunchAppFromURL-iOS" */;
			compatibilityVersion = "Xcode 3.2";
			developmentRegion = English;
			hasScannedForEncodings = 0;
			knownRegions = (
				en,
				Base,
			);
			mainGroup = F78F2A351C6D0C490084DA0B;
			productRefGroup = F78F2A3F1C6D0C4A0084DA0B /* Products */;
			projectDirPath = "";
			projectRoot = "";
			targets = (
				F78F2A3D1C6D0C490084DA0B /* LaunchAppFromURL-iOS */,
			);
		};
/* End PBXProject section */

/* Begin PBXResourcesBuildPhase section */
		F78F2A3C1C6D0C490084DA0B /* Resources */ = {
			isa = PBXResourcesBuildPhase;
			buildActionMask = 2147483647;
			files = (
				F78F2A4C1C6D0C4A0084DA0B /* LaunchScreen.storyboard in Resources */,
				F78F2A491C6D0C4A0084DA0B /* Assets.xcassets in Resources */,
				F78F2A471C6D0C4A0084DA0B /* Main.storyboard in Resources */,
			);
			runOnlyForDeploymentPostprocessing = 0;
		};
/* End PBXResourcesBuildPhase section */

/* Begin PBXSourcesBuildPhase section */
		F78F2A3A1C6D0C490084DA0B /* Sources */ = {
			isa = PBXSourcesBuildPhase;
			buildActionMask = 2147483647;
			files = (
				F78F2A441C6D0C4A0084DA0B /* ViewController.swift in Sources */,
				F78F2A421C6D0C4A0084DA0B /* AppDelegate.swift in Sources */,
			);
			runOnlyForDeploymentPostprocessing = 0;
		};
/* End PBXSourcesBuildPhase section */

/* Begin PBXVariantGroup section */
		F78F2A451C6D0C4A0084DA0B /* Main.storyboard */ = {
			isa = PBXVariantGroup;
			children = (
				F78F2A461C6D0C4A0084DA0B /* Base */,
			);
			name = Main.storyboard;
			sourceTree = "<group>";
		};
		F78F2A4A1C6D0C4A0084DA0B /* LaunchScreen.storyboard */ = {
			isa = PBXVariantGroup;
			children = (
				F78F2A4B1C6D0C4A0084DA0B /* Base */,
			);
			name = LaunchScreen.storyboard;
			sourceTree = "<group>";
		};
/* End PBXVariantGroup section */

/* Begin XCBuildConfiguration section */
		F78F2A4E1C6D0C4A0084DA0B /* Debug */ = {
			isa = XCBuildConfiguration;
			buildSettings = {
				ALWAYS_SEARCH_USER_PATHS = NO;
				CLANG_CXX_LANGUAGE_STANDARD = "gnu++0x";
				CLANG_CXX_LIBRARY = "libc++";
				CLANG_ENABLE_MODULES = YES;
				CLANG_ENABLE_OBJC_ARC = YES;
				CLANG_WARN_BOOL_CONVERSION = YES;
				CLANG_WARN_CONSTANT_CONVERSION = YES;
				CLANG_WARN_DIRECT_OBJC_ISA_USAGE = YES_ERROR;
				CLANG_WARN_EMPTY_BODY = YES;
				CLANG_WARN_ENUM_CONVERSION = YES;
				CLANG_WARN_INT_CONVERSION = YES;
				CLANG_WARN_OBJC_ROOT_CLASS = YES_ERROR;
				CLANG_WARN_UNREACHABLE_CODE = YES;
				CLANG_WARN__DUPLICATE_METHOD_MATCH = YES;
				"CODE_SIGN_IDENTITY[sdk=iphoneos*]" = "iPhone Developer";
				COPY_PHASE_STRIP = NO;
				DEBUG_INFORMATION_FORMAT = dwarf;
				ENABLE_STRICT_OBJC_MSGSEND = YES;
				ENABLE_TESTABILITY = YES;
				GCC_C_LANGUAGE_STANDARD = gnu99;
				GCC_DYNAMIC_NO_PIC = NO;
				GCC_NO_COMMON_BLOCKS = YES;
				GCC_OPTIMIZATION_LEVEL = 0;
				GCC_PREPROCESSOR_DEFINITIONS = (
					"DEBUG=1",
					"$(inherited)",
				);
				GCC_WARN_64_TO_32_BIT_CONVERSION = YES;
				GCC_WARN_ABOUT_RETURN_TYPE = YES_ERROR;
				GCC_WARN_UNDECLARED_SELECTOR = YES;
				GCC_WARN_UNINITIALIZED_AUTOS = YES_AGGRESSIVE;
				GCC_WARN_UNUSED_FUNCTION = YES;
				GCC_WARN_UNUSED_VARIABLE = YES;
				IPHONEOS_DEPLOYMENT_TARGET = 9.2;
				MTL_ENABLE_DEBUG_INFO = YES;
				ONLY_ACTIVE_ARCH = YES;
				SDKROOT = iphoneos;
				SWIFT_OPTIMIZATION_LEVEL = "-Onone";
			};
			name = Debug;
		};
		F78F2A4F1C6D0C4A0084DA0B /* Release */ = {
			isa = XCBuildConfiguration;
			buildSettings = {
				ALWAYS_SEARCH_USER_PATHS = NO;
				CLANG_CXX_LANGUAGE_STANDARD = "gnu++0x";
				CLANG_CXX_LIBRARY = "libc++";
				CLANG_ENABLE_MODULES = YES;
				CLANG_ENABLE_OBJC_ARC = YES;
				CLANG_WARN_BOOL_CONVERSION = YES;
				CLANG_WARN_CONSTANT_CONVERSION = YES;
				CLANG_WARN_DIRECT_OBJC_ISA_USAGE = YES_ERROR;
				CLANG_WARN_EMPTY_BODY = YES;
				CLANG_WARN_ENUM_CONVERSION = YES;
				CLANG_WARN_INT_CONVERSION = YES;
				CLANG_WARN_OBJC_ROOT_CLASS = YES_ERROR;
				CLANG_WARN_UNREACHABLE_CODE = YES;
				CLANG_WARN__DUPLICATE_METHOD_MATCH = YES;
				"CODE_SIGN_IDENTITY[sdk=iphoneos*]" = "iPhone Developer";
				COPY_PHASE_STRIP = NO;
				DEBUG_INFORMATION_FORMAT = "dwarf-with-dsym";
				ENABLE_NS_ASSERTIONS = NO;
				ENABLE_STRICT_OBJC_MSGSEND = YES;
				GCC_C_LANGUAGE_STANDARD = gnu99;
				GCC_NO_COMMON_BLOCKS = YES;
				GCC_WARN_64_TO_32_BIT_CONVERSION = YES;
				GCC_WARN_ABOUT_RETURN_TYPE = YES_ERROR;
				GCC_WARN_UNDECLARED_SELECTOR = YES;
				GCC_WARN_UNINITIALIZED_AUTOS = YES_AGGRESSIVE;
				GCC_WARN_UNUSED_FUNCTION = YES;
				GCC_WARN_UNUSED_VARIABLE = YES;
				IPHONEOS_DEPLOYMENT_TARGET = 9.2;
				MTL_ENABLE_DEBUG_INFO = NO;
				SDKROOT = iphoneos;
				VALIDATE_PRODUCT = YES;
			};
			name = Release;
		};
		F78F2A511C6D0C4A0084DA0B /* Debug */ = {
			isa = XCBuildConfiguration;
			buildSettings = {
				ASSETCATALOG_COMPILER_APPICON_NAME = AppIcon;
				CODE_SIGN_IDENTITY = "iPhone Developer";
				INFOPLIST_FILE = "LaunchAppFromURL-iOS/Info.plist";
				LD_RUNPATH_SEARCH_PATHS = "$(inherited) @executable_path/Frameworks";
				PRODUCT_BUNDLE_IDENTIFIER = "com.curiosityio.LaunchAppFromURL-iOS";
				PRODUCT_NAME = "$(TARGET_NAME)";
			};
			name = Debug;
		};
		F78F2A521C6D0C4A0084DA0B /* Release */ = {
			isa = XCBuildConfiguration;
			buildSettings = {
				ASSETCATALOG_COMPILER_APPICON_NAME = AppIcon;
				CODE_SIGN_IDENTITY = "iPhone Developer";
				INFOPLIST_FILE = "LaunchAppFromURL-iOS/Info.plist";
				LD_RUNPATH_SEARCH_PATHS = "$(inherited) @executable_path/Frameworks";
				PRODUCT_BUNDLE_IDENTIFIER = "com.curiosityio.LaunchAppFromURL-iOS";
				PRODUCT_NAME = "$(TARGET_NAME)";
			};
			name = Release;
		};
/* End XCBuildConfiguration section */

/* Begin XCConfigurationList section */
		F78F2A391C6D0C490084DA0B /* Build configuration list for PBXProject "LaunchAppFromURL-iOS" */ = {
			isa = XCConfigurationList;
			buildConfigurations = (
				F78F2A4E1C6D0C4A0084DA0B /* Debug */,
				F78F2A4F1C6D0C4A0084DA0B /* Release */,
			);
			defaultConfigurationIsVisible = 0;
			defaultConfigurationName = Release;
		};
		F78F2A501C6D0C4A0084DA0B /* Build configuration list for PBXNativeTarget "LaunchAppFromURL-iOS" */ = {
			isa = XCConfigurationList;
			buildConfigurations = (
				F78F2A511C6D0C4A0084DA0B /* Debug */,
				F78F2A521C6D0C4A0084DA0B /* Release */,
			);
			defaultConfigurationIsVisible = 0;
		};
/* End XCConfigurationList section */
	};
	rootObject = F78F2A361C6D0C490084DA0B /* Project object */;
}
